// !$*UTF8*$!
{
	archiveVersion = 1;
	classes = {
	};
	objectVersion = 46;
	objects = {

/* Begin PBXBuildFile section */
		573278581B246ED900498B6D /* AudioToolbox.framework in Frameworks */ = {isa = PBXBuildFile; fileRef = 573278571B246ED900498B6D /* AudioToolbox.framework */; };
		5732785B1B246EFE00498B6D /* sound.wav in Resources */ = {isa = PBXBuildFile; fileRef = 5732785A1B246EFE00498B6D /* sound.wav */; };
		5746FFF81B2D4B710079C385 /* AVFoundation.framework in Frameworks */ = {isa = PBXBuildFile; fileRef = 5746FFF71B2D4B710079C385 /* AVFoundation.framework */; };
		5771CF291BD3F03100AFD87A /* UIKit.framework in Frameworks */ = {isa = PBXBuildFile; fileRef = 5771CF281BD3F03100AFD87A /* UIKit.framework */; };
		5771CF2B1BD3F0BA00AFD87A /* CoreGraphics.framework in Frameworks */ = {isa = PBXBuildFile; fileRef = 5771CF2A1BD3F0BA00AFD87A /* CoreGraphics.framework */; };
		57946E181BD26FF0004DD131 /* CoreLocation.framework in Frameworks */ = {isa = PBXBuildFile; fileRef = 57946E171BD26FF0004DD131 /* CoreLocation.framework */; };
		57B0E29C1B2C4FDF00AA41F6 /* ToastAlertView.m in Sources */ = {isa = PBXBuildFile; fileRef = 57B0E29B1B2C4FDF00AA41F6 /* ToastAlertView.m */; };
		57F4A7551BDE830A008A0681 /* CoreBluetooth.framework in Frameworks */ = {isa = PBXBuildFile; fileRef = 57F4A7541BDE830A008A0681 /* CoreBluetooth.framework */; };
		698E29311B0627530004DD66 /* main.m in Sources */ = {isa = PBXBuildFile; fileRef = 698E29301B0627530004DD66 /* main.m */; };
		698E29341B0627530004DD66 /* AppDelegate.m in Sources */ = {isa = PBXBuildFile; fileRef = 698E29331B0627530004DD66 /* AppDelegate.m */; };
		698E29371B0627530004DD66 /* ViewController.m in Sources */ = {isa = PBXBuildFile; fileRef = 698E29361B0627530004DD66 /* ViewController.m */; };
		698E293A1B0627530004DD66 /* Main.storyboard in Resources */ = {isa = PBXBuildFile; fileRef = 698E29381B0627530004DD66 /* Main.storyboard */; };
		698E293C1B0627530004DD66 /* Images.xcassets in Resources */ = {isa = PBXBuildFile; fileRef = 698E293B1B0627530004DD66 /* Images.xcassets */; };
		698E293F1B0627530004DD66 /* LaunchScreen.xib in Resources */ = {isa = PBXBuildFile; fileRef = 698E293D1B0627530004DD66 /* LaunchScreen.xib */; };
		698E294B1B0627530004DD66 /* DWFMSTests.m in Sources */ = {isa = PBXBuildFile; fileRef = 698E294A1B0627530004DD66 /* DWFMSTests.m */; };
		69E0554E1B096F140024287C /* GlobalDataManager.m in Sources */ = {isa = PBXBuildFile; fileRef = 69E0554D1B096F140024287C /* GlobalDataManager.m */; };
		69E547EF1B0C3FB5002F7A9C /* Commonutil.m in Sources */ = {isa = PBXBuildFile; fileRef = 69E547EE1B0C3FB5002F7A9C /* Commonutil.m */; };
		69E6DB411B08BCBF002CF1E6 /* GlobalData.m in Sources */ = {isa = PBXBuildFile; fileRef = 69E6DB401B08BCBF002CF1E6 /* GlobalData.m */; };
		69EBCF531B06ECA60057F530 /* CallServer.m in Sources */ = {isa = PBXBuildFile; fileRef = 69EBCF521B06ECA60057F530 /* CallServer.m */; };
		BA006A781B16C783000D939B /* CameraViewController.m in Sources */ = {isa = PBXBuildFile; fileRef = BA006A771B16C783000D939B /* CameraViewController.m */; };
		BA006A7B1B16D4C2000D939B /* DwfmsSegue.m in Sources */ = {isa = PBXBuildFile; fileRef = BA006A7A1B16D4C2000D939B /* DwfmsSegue.m */; };
		BA8237461B1D5BF80018F868 /* Icon.png in Resources */ = {isa = PBXBuildFile; fileRef = BA8237451B1D5BF80018F868 /* Icon.png */; };
		BA8237631B252E260018F868 /* 1.wav in Resources */ = {isa = PBXBuildFile; fileRef = BA8237621B252E260018F868 /* 1.wav */; };
		BA842D7C1B0C820A00DE86A3 /* QRCodeScanLine@2x.png in Resources */ = {isa = PBXBuildFile; fileRef = BA842D791B0C820A00DE86A3 /* QRCodeScanLine@2x.png */; };
		BA842D7D1B0C820A00DE86A3 /* ZIINQRCodeReaderView.m in Sources */ = {isa = PBXBuildFile; fileRef = BA842D7B1B0C820A00DE86A3 /* ZIINQRCodeReaderView.m */; };
		E1D9AC191C03FD0C0051F5EE /* Reco.framework in Frameworks */ = {isa = PBXBuildFile; fileRef = E1D9AC181C03FD0C0051F5EE /* Reco.framework */; };
/* End PBXBuildFile section */

/* Begin PBXContainerItemProxy section */
		698E29451B0627530004DD66 /* PBXContainerItemProxy */ = {
			isa = PBXContainerItemProxy;
			containerPortal = 698E29231B0627530004DD66 /* Project object */;
			proxyType = 1;
			remoteGlobalIDString = 698E292A1B0627530004DD66;
			remoteInfo = DWFMS;
		};
/* End PBXContainerItemProxy section */

/* Begin PBXFileReference section */
		573278571B246ED900498B6D /* AudioToolbox.framework */ = {isa = PBXFileReference; lastKnownFileType = wrapper.framework; name = AudioToolbox.framework; path = System/Library/Frameworks/AudioToolbox.framework; sourceTree = SDKROOT; };
		5732785A1B246EFE00498B6D /* sound.wav */ = {isa = PBXFileReference; lastKnownFileType = audio.wav; path = sound.wav; sourceTree = "<group>"; };
		5746FFF71B2D4B710079C385 /* AVFoundation.framework */ = {isa = PBXFileReference; lastKnownFileType = wrapper.framework; name = AVFoundation.framework; path = System/Library/Frameworks/AVFoundation.framework; sourceTree = SDKROOT; };
		5771CF281BD3F03100AFD87A /* UIKit.framework */ = {isa = PBXFileReference; lastKnownFileType = wrapper.framework; name = UIKit.framework; path = System/Library/Frameworks/UIKit.framework; sourceTree = SDKROOT; };
		5771CF2A1BD3F0BA00AFD87A /* CoreGraphics.framework */ = {isa = PBXFileReference; lastKnownFileType = wrapper.framework; name = CoreGraphics.framework; path = System/Library/Frameworks/CoreGraphics.framework; sourceTree = SDKROOT; };
		57946E171BD26FF0004DD131 /* CoreLocation.framework */ = {isa = PBXFileReference; lastKnownFileType = wrapper.framework; name = CoreLocation.framework; path = System/Library/Frameworks/CoreLocation.framework; sourceTree = SDKROOT; };
		57B0E29A1B2C4FA100AA41F6 /* ToastAlertView.h */ = {isa = PBXFileReference; fileEncoding = 4; lastKnownFileType = sourcecode.c.h; path = ToastAlertView.h; sourceTree = "<group>"; };
		57B0E29B1B2C4FDF00AA41F6 /* ToastAlertView.m */ = {isa = PBXFileReference; fileEncoding = 4; lastKnownFileType = sourcecode.c.objc; path = ToastAlertView.m; sourceTree = "<group>"; };
		57F4A7541BDE830A008A0681 /* CoreBluetooth.framework */ = {isa = PBXFileReference; lastKnownFileType = wrapper.framework; name = CoreBluetooth.framework; path = System/Library/Frameworks/CoreBluetooth.framework; sourceTree = SDKROOT; };
		698E292B1B0627530004DD66 /* DWFMS.app */ = {isa = PBXFileReference; explicitFileType = wrapper.application; includeInIndex = 0; path = DWFMS.app; sourceTree = BUILT_PRODUCTS_DIR; };
		698E292F1B0627530004DD66 /* Info.plist */ = {isa = PBXFileReference; lastKnownFileType = text.plist.xml; path = Info.plist; sourceTree = "<group>"; };
		698E29301B0627530004DD66 /* main.m */ = {isa = PBXFileReference; lastKnownFileType = sourcecode.c.objc; path = main.m; sourceTree = "<group>"; };
		698E29321B0627530004DD66 /* AppDelegate.h */ = {isa = PBXFileReference; lastKnownFileType = sourcecode.c.h; path = AppDelegate.h; sourceTree = "<group>"; };
		698E29331B0627530004DD66 /* AppDelegate.m */ = {isa = PBXFileReference; lastKnownFileType = sourcecode.c.objc; path = AppDelegate.m; sourceTree = "<group>"; };
		698E29351B0627530004DD66 /* ViewController.h */ = {isa = PBXFileReference; lastKnownFileType = sourcecode.c.h; path = ViewController.h; sourceTree = "<group>"; };
		698E29361B0627530004DD66 /* ViewController.m */ = {isa = PBXFileReference; lastKnownFileType = sourcecode.c.objc; path = ViewController.m; sourceTree = "<group>"; };
		698E29391B0627530004DD66 /* Base */ = {isa = PBXFileReference; lastKnownFileType = file.storyboard; name = Base; path = Base.lproj/Main.storyboard; sourceTree = "<group>"; };
		698E293B1B0627530004DD66 /* Images.xcassets */ = {isa = PBXFileReference; lastKnownFileType = folder.assetcatalog; path = Images.xcassets; sourceTree = "<group>"; };
		698E293E1B0627530004DD66 /* Base */ = {isa = PBXFileReference; lastKnownFileType = file.xib; name = Base; path = Base.lproj/LaunchScreen.xib; sourceTree = "<group>"; };
		698E29441B0627530004DD66 /* DWFMSTests.xctest */ = {isa = PBXFileReference; explicitFileType = wrapper.cfbundle; includeInIndex = 0; path = DWFMSTests.xctest; sourceTree = BUILT_PRODUCTS_DIR; };
		698E29491B0627530004DD66 /* Info.plist */ = {isa = PBXFileReference; lastKnownFileType = text.plist.xml; path = Info.plist; sourceTree = "<group>"; };
		698E294A1B0627530004DD66 /* DWFMSTests.m */ = {isa = PBXFileReference; lastKnownFileType = sourcecode.c.objc; path = DWFMSTests.m; sourceTree = "<group>"; };
		69E0554C1B096F140024287C /* GlobalDataManager.h */ = {isa = PBXFileReference; fileEncoding = 4; lastKnownFileType = sourcecode.c.h; path = GlobalDataManager.h; sourceTree = "<group>"; };
		69E0554D1B096F140024287C /* GlobalDataManager.m */ = {isa = PBXFileReference; fileEncoding = 4; lastKnownFileType = sourcecode.c.objc; path = GlobalDataManager.m; sourceTree = "<group>"; };
		69E547ED1B0C3FB5002F7A9C /* Commonutil.h */ = {isa = PBXFileReference; fileEncoding = 4; lastKnownFileType = sourcecode.c.h; path = Commonutil.h; sourceTree = "<group>"; };
		69E547EE1B0C3FB5002F7A9C /* Commonutil.m */ = {isa = PBXFileReference; fileEncoding = 4; lastKnownFileType = sourcecode.c.objc; path = Commonutil.m; sourceTree = "<group>"; };
		69E6DB3F1B08BCBF002CF1E6 /* GlobalData.h */ = {isa = PBXFileReference; fileEncoding = 4; lastKnownFileType = sourcecode.c.h; path = GlobalData.h; sourceTree = "<group>"; };
		69E6DB401B08BCBF002CF1E6 /* GlobalData.m */ = {isa = PBXFileReference; fileEncoding = 4; lastKnownFileType = sourcecode.c.objc; path = GlobalData.m; sourceTree = "<group>"; };
		69EBCF511B06ECA60057F530 /* CallServer.h */ = {isa = PBXFileReference; fileEncoding = 4; lastKnownFileType = sourcecode.c.h; path = CallServer.h; sourceTree = "<group>"; };
		69EBCF521B06ECA60057F530 /* CallServer.m */ = {isa = PBXFileReference; fileEncoding = 4; lastKnownFileType = sourcecode.c.objc; path = CallServer.m; sourceTree = "<group>"; };
		BA006A761B16C779000D939B /* CameraViewController.h */ = {isa = PBXFileReference; fileEncoding = 4; lastKnownFileType = sourcecode.c.h; path = CameraViewController.h; sourceTree = "<group>"; };
		BA006A771B16C783000D939B /* CameraViewController.m */ = {isa = PBXFileReference; fileEncoding = 4; lastKnownFileType = sourcecode.c.objc; path = CameraViewController.m; sourceTree = "<group>"; };
		BA006A791B16D4BA000D939B /* DwfmsSegue.h */ = {isa = PBXFileReference; fileEncoding = 4; lastKnownFileType = sourcecode.c.h; path = DwfmsSegue.h; sourceTree = "<group>"; };
		BA006A7A1B16D4C2000D939B /* DwfmsSegue.m */ = {isa = PBXFileReference; fileEncoding = 4; lastKnownFileType = sourcecode.c.objc; path = DwfmsSegue.m; sourceTree = "<group>"; };
		BA8237451B1D5BF80018F868 /* Icon.png */ = {isa = PBXFileReference; lastKnownFileType = image.png; path = Icon.png; sourceTree = "<group>"; };
		BA8237621B252E260018F868 /* 1.wav */ = {isa = PBXFileReference; lastKnownFileType = audio.wav; path = 1.wav; sourceTree = "<group>"; };
		BA842D791B0C820A00DE86A3 /* QRCodeScanLine@2x.png */ = {isa = PBXFileReference; lastKnownFileType = image.png; path = "QRCodeScanLine@2x.png"; sourceTree = "<group>"; };
		BA842D7A1B0C820A00DE86A3 /* ZIINQRCodeReaderView.h */ = {isa = PBXFileReference; fileEncoding = 4; lastKnownFileType = sourcecode.c.h; path = ZIINQRCodeReaderView.h; sourceTree = "<group>"; };
		BA842D7B1B0C820A00DE86A3 /* ZIINQRCodeReaderView.m */ = {isa = PBXFileReference; fileEncoding = 4; lastKnownFileType = sourcecode.c.objc; path = ZIINQRCodeReaderView.m; sourceTree = "<group>"; };
		E1D9AC181C03FD0C0051F5EE /* Reco.framework */ = {isa = PBXFileReference; lastKnownFileType = wrapper.framework; path = Reco.framework; sourceTree = "<group>"; };
/* End PBXFileReference section */

/* Begin PBXFrameworksBuildPhase section */
		698E29281B0627530004DD66 /* Frameworks */ = {
			isa = PBXFrameworksBuildPhase;
			buildActionMask = 2147483647;
			files = (
				E1D9AC191C03FD0C0051F5EE /* Reco.framework in Frameworks */,
				57F4A7551BDE830A008A0681 /* CoreBluetooth.framework in Frameworks */,
				5771CF2B1BD3F0BA00AFD87A /* CoreGraphics.framework in Frameworks */,
				5771CF291BD3F03100AFD87A /* UIKit.framework in Frameworks */,
				57946E181BD26FF0004DD131 /* CoreLocation.framework in Frameworks */,
				5746FFF81B2D4B710079C385 /* AVFoundation.framework in Frameworks */,
				573278581B246ED900498B6D /* AudioToolbox.framework in Frameworks */,
			);
			runOnlyForDeploymentPostprocessing = 0;
		};
		698E29411B0627530004DD66 /* Frameworks */ = {
			isa = PBXFrameworksBuildPhase;
			buildActionMask = 2147483647;
			files = (
			);
			runOnlyForDeploymentPostprocessing = 0;
		};
/* End PBXFrameworksBuildPhase section */

/* Begin PBXGroup section */
		573278591B246EDF00498B6D /* resource */ = {
			isa = PBXGroup;
			children = (
				BA8237621B252E260018F868 /* 1.wav */,
				5732785A1B246EFE00498B6D /* sound.wav */,
			);
			name = resource;
			sourceTree = "<group>";
		};
		698E29221B0627530004DD66 = {
			isa = PBXGroup;
			children = (
				E1D9AC181C03FD0C0051F5EE /* Reco.framework */,
				57F4A7541BDE830A008A0681 /* CoreBluetooth.framework */,
				5771CF2A1BD3F0BA00AFD87A /* CoreGraphics.framework */,
				5771CF281BD3F03100AFD87A /* UIKit.framework */,
				57946E171BD26FF0004DD131 /* CoreLocation.framework */,
				5746FFF71B2D4B710079C385 /* AVFoundation.framework */,
				573278571B246ED900498B6D /* AudioToolbox.framework */,
				698E292D1B0627530004DD66 /* DWFMS */,
				698E29471B0627530004DD66 /* DWFMSTests */,
				698E292C1B0627530004DD66 /* Products */,
			);
			sourceTree = "<group>";
		};
		698E292C1B0627530004DD66 /* Products */ = {
			isa = PBXGroup;
			children = (
				698E292B1B0627530004DD66 /* DWFMS.app */,
				698E29441B0627530004DD66 /* DWFMSTests.xctest */,
			);
			name = Products;
			sourceTree = "<group>";
		};
		698E292D1B0627530004DD66 /* DWFMS */ = {
			isa = PBXGroup;
			children = (
				573278591B246EDF00498B6D /* resource */,
				BA006A7A1B16D4C2000D939B /* DwfmsSegue.m */,
				BA006A791B16D4BA000D939B /* DwfmsSegue.h */,
				BA006A771B16C783000D939B /* CameraViewController.m */,
				BA006A761B16C779000D939B /* CameraViewController.h */,
				BA842D781B0C81E100DE86A3 /* ZIINQRCodeReadView */,
				BA842D751B0C7FC600DE86A3 /* image */,
				698E29321B0627530004DD66 /* AppDelegate.h */,
				698E29331B0627530004DD66 /* AppDelegate.m */,
				698E29351B0627530004DD66 /* ViewController.h */,
				698E29361B0627530004DD66 /* ViewController.m */,
				698E29381B0627530004DD66 /* Main.storyboard */,
				698E293B1B0627530004DD66 /* Images.xcassets */,
				698E293D1B0627530004DD66 /* LaunchScreen.xib */,
				698E292E1B0627530004DD66 /* Supporting Files */,
				69EBCF511B06ECA60057F530 /* CallServer.h */,
				69EBCF521B06ECA60057F530 /* CallServer.m */,
				69E6DB3F1B08BCBF002CF1E6 /* GlobalData.h */,
				69E6DB401B08BCBF002CF1E6 /* GlobalData.m */,
				69E0554C1B096F140024287C /* GlobalDataManager.h */,
				69E0554D1B096F140024287C /* GlobalDataManager.m */,
				69E547ED1B0C3FB5002F7A9C /* Commonutil.h */,
				69E547EE1B0C3FB5002F7A9C /* Commonutil.m */,
				57B0E29A1B2C4FA100AA41F6 /* ToastAlertView.h */,
				57B0E29B1B2C4FDF00AA41F6 /* ToastAlertView.m */,
			);
			path = DWFMS;
			sourceTree = "<group>";
		};
		698E292E1B0627530004DD66 /* Supporting Files */ = {
			isa = PBXGroup;
			children = (
				698E292F1B0627530004DD66 /* Info.plist */,
				698E29301B0627530004DD66 /* main.m */,
			);
			name = "Supporting Files";
			sourceTree = "<group>";
		};
		698E29471B0627530004DD66 /* DWFMSTests */ = {
			isa = PBXGroup;
			children = (
				698E294A1B0627530004DD66 /* DWFMSTests.m */,
				698E29481B0627530004DD66 /* Supporting Files */,
			);
			path = DWFMSTests;
			sourceTree = "<group>";
		};
		698E29481B0627530004DD66 /* Supporting Files */ = {
			isa = PBXGroup;
			children = (
				698E29491B0627530004DD66 /* Info.plist */,
			);
			name = "Supporting Files";
			sourceTree = "<group>";
		};
		BA842D751B0C7FC600DE86A3 /* image */ = {
			isa = PBXGroup;
			children = (
				BA8237451B1D5BF80018F868 /* Icon.png */,
			);
			name = image;
			sourceTree = "<group>";
		};
		BA842D781B0C81E100DE86A3 /* ZIINQRCodeReadView */ = {
			isa = PBXGroup;
			children = (
				BA842D791B0C820A00DE86A3 /* QRCodeScanLine@2x.png */,
				BA842D7A1B0C820A00DE86A3 /* ZIINQRCodeReaderView.h */,
				BA842D7B1B0C820A00DE86A3 /* ZIINQRCodeReaderView.m */,
			);
			name = ZIINQRCodeReadView;
			sourceTree = "<group>";
		};
/* End PBXGroup section */

/* Begin PBXNativeTarget section */
		698E292A1B0627530004DD66 /* DWFMS */ = {
			isa = PBXNativeTarget;
			buildConfigurationList = 698E294E1B0627530004DD66 /* Build configuration list for PBXNativeTarget "DWFMS" */;
			buildPhases = (
				698E29271B0627530004DD66 /* Sources */,
				698E29281B0627530004DD66 /* Frameworks */,
				698E29291B0627530004DD66 /* Resources */,
			);
			buildRules = (
			);
			dependencies = (
			);
			name = DWFMS;
			productName = DWFMS;
			productReference = 698E292B1B0627530004DD66 /* DWFMS.app */;
			productType = "com.apple.product-type.application";
		};
		698E29431B0627530004DD66 /* DWFMSTests */ = {
			isa = PBXNativeTarget;
			buildConfigurationList = 698E29511B0627530004DD66 /* Build configuration list for PBXNativeTarget "DWFMSTests" */;
			buildPhases = (
				698E29401B0627530004DD66 /* Sources */,
				698E29411B0627530004DD66 /* Frameworks */,
				698E29421B0627530004DD66 /* Resources */,
			);
			buildRules = (
			);
			dependencies = (
				698E29461B0627530004DD66 /* PBXTargetDependency */,
			);
			name = DWFMSTests;
			productName = DWFMSTests;
			productReference = 698E29441B0627530004DD66 /* DWFMSTests.xctest */;
			productType = "com.apple.product-type.bundle.unit-test";
		};
/* End PBXNativeTarget section */

/* Begin PBXProject section */
		698E29231B0627530004DD66 /* Project object */ = {
			isa = PBXProject;
			attributes = {
				LastUpgradeCheck = 0630;
				ORGANIZATIONNAME = DWFMS;
				TargetAttributes = {
					698E292A1B0627530004DD66 = {
						CreatedOnToolsVersion = 6.3.1;
						DevelopmentTeam = 4P28E7RU57;
						SystemCapabilities = {
							com.apple.BackgroundModes = {
								enabled = 1;
							};
						};
					};
					698E29431B0627530004DD66 = {
						CreatedOnToolsVersion = 6.3.1;
						TestTargetID = 698E292A1B0627530004DD66;
					};
				};
			};
			buildConfigurationList = 698E29261B0627530004DD66 /* Build configuration list for PBXProject "DWFMS" */;
			compatibilityVersion = "Xcode 3.2";
			developmentRegion = English;
			hasScannedForEncodings = 0;
			knownRegions = (
				en,
				Base,
			);
			mainGroup = 698E29221B0627530004DD66;
			productRefGroup = 698E292C1B0627530004DD66 /* Products */;
			projectDirPath = "";
			projectRoot = "";
			targets = (
				698E292A1B0627530004DD66 /* DWFMS */,
				698E29431B0627530004DD66 /* DWFMSTests */,
			);
		};
/* End PBXProject section */

/* Begin PBXResourcesBuildPhase section */
		698E29291B0627530004DD66 /* Resources */ = {
			isa = PBXResourcesBuildPhase;
			buildActionMask = 2147483647;
			files = (
				698E293A1B0627530004DD66 /* Main.storyboard in Resources */,
				BA842D7C1B0C820A00DE86A3 /* QRCodeScanLine@2x.png in Resources */,
				BA8237631B252E260018F868 /* 1.wav in Resources */,
				BA8237461B1D5BF80018F868 /* Icon.png in Resources */,
				698E293F1B0627530004DD66 /* LaunchScreen.xib in Resources */,
				5732785B1B246EFE00498B6D /* sound.wav in Resources */,
				698E293C1B0627530004DD66 /* Images.xcassets in Resources */,
			);
			runOnlyForDeploymentPostprocessing = 0;
		};
		698E29421B0627530004DD66 /* Resources */ = {
			isa = PBXResourcesBuildPhase;
			buildActionMask = 2147483647;
			files = (
			);
			runOnlyForDeploymentPostprocessing = 0;
		};
/* End PBXResourcesBuildPhase section */

/* Begin PBXSourcesBuildPhase section */
		698E29271B0627530004DD66 /* Sources */ = {
			isa = PBXSourcesBuildPhase;
			buildActionMask = 2147483647;
			files = (
				698E29371B0627530004DD66 /* ViewController.m in Sources */,
				698E29341B0627530004DD66 /* AppDelegate.m in Sources */,
				BA006A7B1B16D4C2000D939B /* DwfmsSegue.m in Sources */,
				69E0554E1B096F140024287C /* GlobalDataManager.m in Sources */,
				69EBCF531B06ECA60057F530 /* CallServer.m in Sources */,
				69E6DB411B08BCBF002CF1E6 /* GlobalData.m in Sources */,
				BA006A781B16C783000D939B /* CameraViewController.m in Sources */,
				57B0E29C1B2C4FDF00AA41F6 /* ToastAlertView.m in Sources */,
				69E547EF1B0C3FB5002F7A9C /* Commonutil.m in Sources */,
				698E29311B0627530004DD66 /* main.m in Sources */,
				BA842D7D1B0C820A00DE86A3 /* ZIINQRCodeReaderView.m in Sources */,
			);
			runOnlyForDeploymentPostprocessing = 0;
		};
		698E29401B0627530004DD66 /* Sources */ = {
			isa = PBXSourcesBuildPhase;
			buildActionMask = 2147483647;
			files = (
				698E294B1B0627530004DD66 /* DWFMSTests.m in Sources */,
			);
			runOnlyForDeploymentPostprocessing = 0;
		};
/* End PBXSourcesBuildPhase section */

/* Begin PBXTargetDependency section */
		698E29461B0627530004DD66 /* PBXTargetDependency */ = {
			isa = PBXTargetDependency;
			target = 698E292A1B0627530004DD66 /* DWFMS */;
			targetProxy = 698E29451B0627530004DD66 /* PBXContainerItemProxy */;
		};
/* End PBXTargetDependency section */

/* Begin PBXVariantGroup section */
		698E29381B0627530004DD66 /* Main.storyboard */ = {
			isa = PBXVariantGroup;
			children = (
				698E29391B0627530004DD66 /* Base */,
			);
			name = Main.storyboard;
			sourceTree = "<group>";
		};
		698E293D1B0627530004DD66 /* LaunchScreen.xib */ = {
			isa = PBXVariantGroup;
			children = (
				698E293E1B0627530004DD66 /* Base */,
			);
			name = LaunchScreen.xib;
			sourceTree = "<group>";
		};
/* End PBXVariantGroup section */

/* Begin XCBuildConfiguration section */
		698E294C1B0627530004DD66 /* Debug */ = {
			isa = XCBuildConfiguration;
			buildSettings = {
				ALWAYS_SEARCH_USER_PATHS = NO;
				CLANG_CXX_LANGUAGE_STANDARD = "gnu++0x";
				CLANG_CXX_LIBRARY = "libc++";
				CLANG_ENABLE_MODULES = YES;
				CLANG_ENABLE_OBJC_ARC = YES;
				CLANG_WARN_BOOL_CONVERSION = YES;
				CLANG_WARN_CONSTANT_CONVERSION = YES;
				CLANG_WARN_DIRECT_OBJC_ISA_USAGE = YES_ERROR;
				CLANG_WARN_EMPTY_BODY = YES;
				CLANG_WARN_ENUM_CONVERSION = YES;
				CLANG_WARN_INT_CONVERSION = YES;
				CLANG_WARN_OBJC_ROOT_CLASS = YES_ERROR;
				CLANG_WARN_UNREACHABLE_CODE = YES;
				CLANG_WARN__DUPLICATE_METHOD_MATCH = YES;
				CODE_SIGN_IDENTITY = "iPhone Developer";
				"CODE_SIGN_IDENTITY[sdk=iphoneos*]" = "iPhone Developer";
				COPY_PHASE_STRIP = NO;
				DEBUG_INFORMATION_FORMAT = "dwarf-with-dsym";
				ENABLE_BITCODE = NO;
				ENABLE_STRICT_OBJC_MSGSEND = YES;
				GCC_C_LANGUAGE_STANDARD = gnu99;
				GCC_DYNAMIC_NO_PIC = NO;
				GCC_NO_COMMON_BLOCKS = YES;
				GCC_OPTIMIZATION_LEVEL = 0;
				GCC_PREPROCESSOR_DEFINITIONS = (
					"DEBUG=1",
					"$(inherited)",
				);
				GCC_SYMBOLS_PRIVATE_EXTERN = NO;
				GCC_WARN_64_TO_32_BIT_CONVERSION = YES;
				GCC_WARN_ABOUT_RETURN_TYPE = YES_ERROR;
				GCC_WARN_UNDECLARED_SELECTOR = YES;
				GCC_WARN_UNINITIALIZED_AUTOS = YES_AGGRESSIVE;
				GCC_WARN_UNUSED_FUNCTION = YES;
				GCC_WARN_UNUSED_VARIABLE = YES;
				IPHONEOS_DEPLOYMENT_TARGET = 8.3;
				MTL_ENABLE_DEBUG_INFO = YES;
				ONLY_ACTIVE_ARCH = YES;
				SDKROOT = iphoneos;
			};
			name = Debug;
		};
		698E294D1B0627530004DD66 /* Release */ = {
			isa = XCBuildConfiguration;
			buildSettings = {
				ALWAYS_SEARCH_USER_PATHS = NO;
				CLANG_CXX_LANGUAGE_STANDARD = "gnu++0x";
				CLANG_CXX_LIBRARY = "libc++";
				CLANG_ENABLE_MODULES = YES;
				CLANG_ENABLE_OBJC_ARC = YES;
				CLANG_WARN_BOOL_CONVERSION = YES;
				CLANG_WARN_CONSTANT_CONVERSION = YES;
				CLANG_WARN_DIRECT_OBJC_ISA_USAGE = YES_ERROR;
				CLANG_WARN_EMPTY_BODY = YES;
				CLANG_WARN_ENUM_CONVERSION = YES;
				CLANG_WARN_INT_CONVERSION = YES;
				CLANG_WARN_OBJC_ROOT_CLASS = YES_ERROR;
				CLANG_WARN_UNREACHABLE_CODE = YES;
				CLANG_WARN__DUPLICATE_METHOD_MATCH = YES;
				CODE_SIGN_IDENTITY = "iPhone Developer";
				"CODE_SIGN_IDENTITY[sdk=iphoneos*]" = "iPhone Developer";
				COPY_PHASE_STRIP = NO;
				DEBUG_INFORMATION_FORMAT = "dwarf-with-dsym";
				ENABLE_BITCODE = NO;
				ENABLE_NS_ASSERTIONS = NO;
				ENABLE_STRICT_OBJC_MSGSEND = YES;
				GCC_C_LANGUAGE_STANDARD = gnu99;
				GCC_NO_COMMON_BLOCKS = YES;
				GCC_WARN_64_TO_32_BIT_CONVERSION = YES;
				GCC_WARN_ABOUT_RETURN_TYPE = YES_ERROR;
				GCC_WARN_UNDECLARED_SELECTOR = YES;
				GCC_WARN_UNINITIALIZED_AUTOS = YES_AGGRESSIVE;
				GCC_WARN_UNUSED_FUNCTION = YES;
				GCC_WARN_UNUSED_VARIABLE = YES;
				IPHONEOS_DEPLOYMENT_TARGET = 8.3;
				MTL_ENABLE_DEBUG_INFO = NO;
				SDKROOT = iphoneos;
				VALIDATE_PRODUCT = YES;
			};
			name = Release;
		};
		698E294F1B0627530004DD66 /* Debug */ = {
			isa = XCBuildConfiguration;
			buildSettings = {
				ASSETCATALOG_COMPILER_APPICON_NAME = AppIcon;
				CODE_SIGN_IDENTITY = "iPhone Developer";
				"CODE_SIGN_IDENTITY[sdk=iphoneos*]" = "iPhone Developer";
				ENABLE_BITCODE = NO;
				FRAMEWORK_SEARCH_PATHS = (
					"$(inherited)",
					"$(PROJECT_DIR)",
					"$(PROJECT_DIR)/sdk",
				);
				INFOPLIST_FILE = DWFMS/Info.plist;
				IPHONEOS_DEPLOYMENT_TARGET = 7.0;
				LD_RUNPATH_SEARCH_PATHS = "$(inherited) @executable_path/Frameworks";
				PRODUCT_BUNDLE_IDENTIFIER = com.dw.ubis.UBISAir;
				PRODUCT_NAME = "$(TARGET_NAME)";
				PROVISIONING_PROFILE = "";
			};
			name = Debug;
		};
		698E29501B0627530004DD66 /* Release */ = {
			isa = XCBuildConfiguration;
			buildSettings = {
				ASSETCATALOG_COMPILER_APPICON_NAME = AppIcon;
				CODE_SIGN_IDENTITY = "iPhone Developer";
				"CODE_SIGN_IDENTITY[sdk=iphoneos*]" = "iPhone Developer";
				ENABLE_BITCODE = NO;
				FRAMEWORK_SEARCH_PATHS = (
					"$(inherited)",
					"$(PROJECT_DIR)",
					"$(PROJECT_DIR)/sdk",
				);
				INFOPLIST_FILE = DWFMS/Info.plist;
				IPHONEOS_DEPLOYMENT_TARGET = 7.0;
				LD_RUNPATH_SEARCH_PATHS = "$(inherited) @executable_path/Frameworks";
				PRODUCT_BUNDLE_IDENTIFIER = com.dw.ubis.UBISAir;
				PRODUCT_NAME = "$(TARGET_NAME)";
				PROVISIONING_PROFILE = "";
			};
			name = Release;
		};
		698E29521B0627530004DD66 /* Debug */ = {
			isa = XCBuildConfiguration;
			buildSettings = {
				BUNDLE_LOADER = "$(TEST_HOST)";
				FRAMEWORK_SEARCH_PATHS = (
					"$(SDKROOT)/Developer/Library/Frameworks",
					"$(inherited)",
				);
				GCC_PREPROCESSOR_DEFINITIONS = (
					"DEBUG=1",
					"$(inherited)",
				);
				INFOPLIST_FILE = DWFMSTests/Info.plist;
				LD_RUNPATH_SEARCH_PATHS = "$(inherited) @executable_path/Frameworks @loader_path/Frameworks";
				PRODUCT_NAME = "$(TARGET_NAME)";
				TEST_HOST = "$(BUILT_PRODUCTS_DIR)/DWFMS.app/DWFMS";
			};
			name = Debug;
		};
		698E29531B0627530004DD66 /* Release */ = {
			isa = XCBuildConfiguration;
			buildSettings = {
				BUNDLE_LOADER = "$(TEST_HOST)";
				FRAMEWORK_SEARCH_PATHS = (
					"$(SDKROOT)/Developer/Library/Frameworks",
					"$(inherited)",
				);
				INFOPLIST_FILE = DWFMSTests/Info.plist;
				LD_RUNPATH_SEARCH_PATHS = "$(inherited) @executable_path/Frameworks @loader_path/Frameworks";
				PRODUCT_NAME = "$(TARGET_NAME)";
				TEST_HOST = "$(BUILT_PRODUCTS_DIR)/DWFMS.app/DWFMS";
			};
			name = Release;
		};
/* End XCBuildConfiguration section */

/* Begin XCConfigurationList section */
		698E29261B0627530004DD66 /* Build configuration list for PBXProject "DWFMS" */ = {
			isa = XCConfigurationList;
			buildConfigurations = (
				698E294C1B0627530004DD66 /* Debug */,
				698E294D1B0627530004DD66 /* Release */,
			);
			defaultConfigurationIsVisible = 0;
			defaultConfigurationName = Release;
		};
		698E294E1B0627530004DD66 /* Build configuration list for PBXNativeTarget "DWFMS" */ = {
			isa = XCConfigurationList;
			buildConfigurations = (
				698E294F1B0627530004DD66 /* Debug */,
				698E29501B0627530004DD66 /* Release */,
			);
			defaultConfigurationIsVisible = 0;
			defaultConfigurationName = Release;
		};
		698E29511B0627530004DD66 /* Build configuration list for PBXNativeTarget "DWFMSTests" */ = {
			isa = XCConfigurationList;
			buildConfigurations = (
				698E29521B0627530004DD66 /* Debug */,
				698E29531B0627530004DD66 /* Release */,
			);
			defaultConfigurationIsVisible = 0;
			defaultConfigurationName = Release;
		};
/* End XCConfigurationList section */
	};
	rootObject = 698E29231B0627530004DD66 /* Project object */;
}
